// !$*UTF8*$!
{
	archiveVersion = 1;
	classes = {
	};
	objectVersion = 77;
	objects = {

/* Begin PBXContainerItemProxy section */
		D79CF5892ECD39A700AC0A56 /* PBXContainerItemProxy */ = {
			isa = PBXContainerItemProxy;
			containerPortal = D79CF5732ECD39A500AC0A56 /* Project object */;
			proxyType = 1;
			remoteGlobalIDString = D79CF57A2ECD39A500AC0A56;
			remoteInfo = Nestling;
		};
		D79CF5932ECD39A700AC0A56 /* PBXContainerItemProxy */ = {
			isa = PBXContainerItemProxy;
			containerPortal = D79CF5732ECD39A500AC0A56 /* Project object */;
			proxyType = 1;
			remoteGlobalIDString = D79CF57A2ECD39A500AC0A56;
			remoteInfo = Nestling;
		};
/* End PBXContainerItemProxy section */

/* Begin PBXFileReference section */
		D79CF57B2ECD39A500AC0A56 /* Nestling.app */ = {isa = PBXFileReference; explicitFileType = wrapper.application; includeInIndex = 0; path = Nestling.app; sourceTree = BUILT_PRODUCTS_DIR; };
		D79CF5882ECD39A700AC0A56 /* NestlingTests.xctest */ = {isa = PBXFileReference; explicitFileType = wrapper.cfbundle; includeInIndex = 0; path = NestlingTests.xctest; sourceTree = BUILT_PRODUCTS_DIR; };
		D79CF5922ECD39A700AC0A56 /* NestlingUITests.xctest */ = {isa = PBXFileReference; explicitFileType = wrapper.cfbundle; includeInIndex = 0; path = NestlingUITests.xctest; sourceTree = BUILT_PRODUCTS_DIR; };
/* End PBXFileReference section */

/* Begin PBXFileSystemSynchronizedRootGroup section */
		D79CF57D2ECD39A500AC0A56 /* Nestling */ = {
			isa = PBXFileSystemSynchronizedRootGroup;
			path = Nestling;
			sourceTree = "<group>";
		};
		D79CF58B2ECD39A700AC0A56 /* NestlingTests */ = {
			isa = PBXFileSystemSynchronizedRootGroup;
			path = NestlingTests;
			sourceTree = "<group>";
		};
		D79CF5952ECD39A700AC0A56 /* NestlingUITests */ = {
			isa = PBXFileSystemSynchronizedRootGroup;
			path = NestlingUITests;
			sourceTree = "<group>";
		};
/* End PBXFileSystemSynchronizedRootGroup section */

/* Begin PBXFrameworksBuildPhase section */
		D79CF5782ECD39A500AC0A56 /* Frameworks */ = {
			isa = PBXFrameworksBuildPhase;
			buildActionMask = 2147483647;
			files = (
			);
			runOnlyForDeploymentPostprocessing = 0;
		};
		D79CF5852ECD39A700AC0A56 /* Frameworks */ = {
			isa = PBXFrameworksBuildPhase;
			buildActionMask = 2147483647;
			files = (
			);
			runOnlyForDeploymentPostprocessing = 0;
		};
		D79CF58F2ECD39A700AC0A56 /* Frameworks */ = {
			isa = PBXFrameworksBuildPhase;
			buildActionMask = 2147483647;
			files = (
			);
			runOnlyForDeploymentPostprocessing = 0;
		};
/* End PBXFrameworksBuildPhase section */

/* Begin PBXGroup section */
		D79CF5722ECD39A500AC0A56 = {
			isa = PBXGroup;
			children = (
				D79CF57D2ECD39A500AC0A56 /* Nestling */,
				D79CF58B2ECD39A700AC0A56 /* NestlingTests */,
				D79CF5952ECD39A700AC0A56 /* NestlingUITests */,
				D79CF57C2ECD39A500AC0A56 /* Products */,
			);
			sourceTree = "<group>";
		};
		D79CF57C2ECD39A500AC0A56 /* Products */ = {
			isa = PBXGroup;
			children = (
				D79CF57B2ECD39A500AC0A56 /* Nestling.app */,
				D79CF5882ECD39A700AC0A56 /* NestlingTests.xctest */,
				D79CF5922ECD39A700AC0A56 /* NestlingUITests.xctest */,
			);
			name = Products;
			sourceTree = "<group>";
		};
/* End PBXGroup section */

/* Begin PBXNativeTarget section */
		D79CF57A2ECD39A500AC0A56 /* Nestling */ = {
			isa = PBXNativeTarget;
			buildConfigurationList = D79CF59C2ECD39A700AC0A56 /* Build configuration list for PBXNativeTarget "Nestling" */;
			buildPhases = (
				D79CF5772ECD39A500AC0A56 /* Sources */,
				D79CF5782ECD39A500AC0A56 /* Frameworks */,
				D79CF5792ECD39A500AC0A56 /* Resources */,
			);
			buildRules = (
			);
			dependencies = (
			);
			fileSystemSynchronizedGroups = (
				D79CF57D2ECD39A500AC0A56 /* Nestling */,
			);
			name = Nestling;
			packageProductDependencies = (
			);
			productName = Nestling;
			productReference = D79CF57B2ECD39A500AC0A56 /* Nestling.app */;
			productType = "com.apple.product-type.application";
		};
		D79CF5872ECD39A700AC0A56 /* NestlingTests */ = {
			isa = PBXNativeTarget;
			buildConfigurationList = D79CF59F2ECD39A700AC0A56 /* Build configuration list for PBXNativeTarget "NestlingTests" */;
			buildPhases = (
				D79CF5842ECD39A700AC0A56 /* Sources */,
				D79CF5852ECD39A700AC0A56 /* Frameworks */,
				D79CF5862ECD39A700AC0A56 /* Resources */,
			);
			buildRules = (
			);
			dependencies = (
				D79CF58A2ECD39A700AC0A56 /* PBXTargetDependency */,
			);
			fileSystemSynchronizedGroups = (
				D79CF58B2ECD39A700AC0A56 /* NestlingTests */,
			);
			name = NestlingTests;
			packageProductDependencies = (
			);
			productName = NestlingTests;
			productReference = D79CF5882ECD39A700AC0A56 /* NestlingTests.xctest */;
			productType = "com.apple.product-type.bundle.unit-test";
		};
		D79CF5912ECD39A700AC0A56 /* NestlingUITests */ = {
			isa = PBXNativeTarget;
			buildConfigurationList = D79CF5A22ECD39A700AC0A56 /* Build configuration list for PBXNativeTarget "NestlingUITests" */;
			buildPhases = (
				D79CF58E2ECD39A700AC0A56 /* Sources */,
				D79CF58F2ECD39A700AC0A56 /* Frameworks */,
				D79CF5902ECD39A700AC0A56 /* Resources */,
			);
			buildRules = (
			);
			dependencies = (
				D79CF5942ECD39A700AC0A56 /* PBXTargetDependency */,
			);
			fileSystemSynchronizedGroups = (
				D79CF5952ECD39A700AC0A56 /* NestlingUITests */,
			);
			name = NestlingUITests;
			packageProductDependencies = (
			);
			productName = NestlingUITests;
			productReference = D79CF5922ECD39A700AC0A56 /* NestlingUITests.xctest */;
			productType = "com.apple.product-type.bundle.ui-testing";
		};
/* End PBXNativeTarget section */

/* Begin PBXProject section */
		D79CF5732ECD39A500AC0A56 /* Project object */ = {
			isa = PBXProject;
			attributes = {
				BuildIndependentTargetsInParallel = 1;
				LastSwiftUpdateCheck = 2610;
				LastUpgradeCheck = 2610;
				TargetAttributes = {
					D79CF57A2ECD39A500AC0A56 = {
						CreatedOnToolsVersion = 26.1.1;
					};
					D79CF5872ECD39A700AC0A56 = {
						CreatedOnToolsVersion = 26.1.1;
						TestTargetID = D79CF57A2ECD39A500AC0A56;
					};
					D79CF5912ECD39A700AC0A56 = {
						CreatedOnToolsVersion = 26.1.1;
						TestTargetID = D79CF57A2ECD39A500AC0A56;
					};
				};
			};
			buildConfigurationList = D79CF5762ECD39A500AC0A56 /* Build configuration list for PBXProject "Nestling" */;
			developmentRegion = en;
			hasScannedForEncodings = 0;
			knownRegions = (
				en,
				Base,
			);
			mainGroup = D79CF5722ECD39A500AC0A56;
			minimizedProjectReferenceProxies = 1;
			preferredProjectObjectVersion = 77;
			productRefGroup = D79CF57C2ECD39A500AC0A56 /* Products */;
			projectDirPath = "";
			projectRoot = "";
			targets = (
				D79CF57A2ECD39A500AC0A56 /* Nestling */,
				D79CF5872ECD39A700AC0A56 /* NestlingTests */,
				D79CF5912ECD39A700AC0A56 /* NestlingUITests */,
			);
		};
/* End PBXProject section */

/* Begin PBXResourcesBuildPhase section */
		D79CF5792ECD39A500AC0A56 /* Resources */ = {
			isa = PBXResourcesBuildPhase;
			buildActionMask = 2147483647;
			files = (
			);
			runOnlyForDeploymentPostprocessing = 0;
		};
		D79CF5862ECD39A700AC0A56 /* Resources */ = {
			isa = PBXResourcesBuildPhase;
			buildActionMask = 2147483647;
			files = (
			);
			runOnlyForDeploymentPostprocessing = 0;
		};
		D79CF5902ECD39A700AC0A56 /* Resources */ = {
			isa = PBXResourcesBuildPhase;
			buildActionMask = 2147483647;
			files = (
			);
			runOnlyForDeploymentPostprocessing = 0;
		};
/* End PBXResourcesBuildPhase section */

/* Begin PBXSourcesBuildPhase section */
		D79CF5772ECD39A500AC0A56 /* Sources */ = {
			isa = PBXSourcesBuildPhase;
			buildActionMask = 2147483647;
			files = (
			);
			runOnlyForDeploymentPostprocessing = 0;
		};
		D79CF5842ECD39A700AC0A56 /* Sources */ = {
			isa = PBXSourcesBuildPhase;
			buildActionMask = 2147483647;
			files = (
			);
			runOnlyForDeploymentPostprocessing = 0;
		};
		D79CF58E2ECD39A700AC0A56 /* Sources */ = {
			isa = PBXSourcesBuildPhase;
			buildActionMask = 2147483647;
			files = (
			);
			runOnlyForDeploymentPostprocessing = 0;
		};
/* End PBXSourcesBuildPhase section */

/* Begin PBXTargetDependency section */
		D79CF58A2ECD39A700AC0A56 /* PBXTargetDependency */ = {
			isa = PBXTargetDependency;
			target = D79CF57A2ECD39A500AC0A56 /* Nestling */;
			targetProxy = D79CF5892ECD39A700AC0A56 /* PBXContainerItemProxy */;
		};
		D79CF5942ECD39A700AC0A56 /* PBXTargetDependency */ = {
			isa = PBXTargetDependency;
			target = D79CF57A2ECD39A500AC0A56 /* Nestling */;
			targetProxy = D79CF5932ECD39A700AC0A56 /* PBXContainerItemProxy */;
		};
/* End PBXTargetDependency section */

/* Begin XCBuildConfiguration section */
		D79CF59A2ECD39A700AC0A56 /* Debug */ = {
			isa = XCBuildConfiguration;
			buildSettings = {
				ALWAYS_SEARCH_USER_PATHS = NO;
				ASSETCATALOG_COMPILER_GENERATE_SWIFT_ASSET_SYMBOL_EXTENSIONS = YES;
				CLANG_ANALYZER_NONNULL = YES;
				CLANG_ANALYZER_NUMBER_OBJECT_CONVERSION = YES_AGGRESSIVE;
				CLANG_CXX_LANGUAGE_STANDARD = "gnu++20";
				CLANG_ENABLE_MODULES = YES;
				CLANG_ENABLE_OBJC_ARC = YES;
				CLANG_ENABLE_OBJC_WEAK = YES;
				CLANG_WARN_BLOCK_CAPTURE_AUTORELEASING = YES;
				CLANG_WARN_BOOL_CONVERSION = YES;
				CLANG_WARN_COMMA = YES;
				CLANG_WARN_CONSTANT_CONVERSION = YES;
				CLANG_WARN_DEPRECATED_OBJC_IMPLEMENTATIONS = YES;
				CLANG_WARN_DIRECT_OBJC_ISA_USAGE = YES_ERROR;
				CLANG_WARN_DOCUMENTATION_COMMENTS = YES;
				CLANG_WARN_EMPTY_BODY = YES;
				CLANG_WARN_ENUM_CONVERSION = YES;
				CLANG_WARN_INFINITE_RECURSION = YES;
				CLANG_WARN_INT_CONVERSION = YES;
				CLANG_WARN_NON_LITERAL_NULL_CONVERSION = YES;
				CLANG_WARN_OBJC_IMPLICIT_RETAIN_SELF = YES;
				CLANG_WARN_OBJC_LITERAL_CONVERSION = YES;
				CLANG_WARN_OBJC_ROOT_CLASS = YES_ERROR;
				CLANG_WARN_QUOTED_INCLUDE_IN_FRAMEWORK_HEADER = YES;
				CLANG_WARN_RANGE_LOOP_ANALYSIS = YES;
				CLANG_WARN_STRICT_PROTOTYPES = YES;
				CLANG_WARN_SUSPICIOUS_MOVE = YES;
				CLANG_WARN_UNGUARDED_AVAILABILITY = YES_AGGRESSIVE;
				CLANG_WARN_UNREACHABLE_CODE = YES;
				CLANG_WARN__DUPLICATE_METHOD_MATCH = YES;
				COPY_PHASE_STRIP = NO;
				DEBUG_INFORMATION_FORMAT = dwarf;
				ENABLE_STRICT_OBJC_MSGSEND = YES;
				ENABLE_TESTABILITY = YES;
				ENABLE_USER_SCRIPT_SANDBOXING = YES;
				GCC_C_LANGUAGE_STANDARD = gnu17;
				GCC_DYNAMIC_NO_PIC = NO;
				GCC_NO_COMMON_BLOCKS = YES;
				GCC_OPTIMIZATION_LEVEL = 0;
				GCC_PREPROCESSOR_DEFINITIONS = (
					"DEBUG=1",
					"$(inherited)",
				);
				GCC_WARN_64_TO_32_BIT_CONVERSION = YES;
				GCC_WARN_ABOUT_RETURN_TYPE = YES_ERROR;
				GCC_WARN_UNDECLARED_SELECTOR = YES;
				GCC_WARN_UNINITIALIZED_AUTOS = YES_AGGRESSIVE;
				GCC_WARN_UNUSED_FUNCTION = YES;
				GCC_WARN_UNUSED_VARIABLE = YES;
				IPHONEOS_DEPLOYMENT_TARGET = 17.0;
				LOCALIZATION_PREFERS_STRING_CATALOGS = YES;
				MTL_ENABLE_DEBUG_INFO = INCLUDE_SOURCE;
				MTL_FAST_MATH = YES;
				ONLY_ACTIVE_ARCH = YES;
				SDKROOT = iphoneos;
				SWIFT_ACTIVE_COMPILATION_CONDITIONS = "DEBUG $(inherited)";
				SWIFT_OPTIMIZATION_LEVEL = "-Onone";
			};
			name = Debug;
		};
		D79CF59B2ECD39A700AC0A56 /* Release */ = {
			isa = XCBuildConfiguration;
			buildSettings = {
				ALWAYS_SEARCH_USER_PATHS = NO;
				ASSETCATALOG_COMPILER_GENERATE_SWIFT_ASSET_SYMBOL_EXTENSIONS = YES;
				CLANG_ANALYZER_NONNULL = YES;
				CLANG_ANALYZER_NUMBER_OBJECT_CONVERSION = YES_AGGRESSIVE;
				CLANG_CXX_LANGUAGE_STANDARD = "gnu++20";
				CLANG_ENABLE_MODULES = YES;
				CLANG_ENABLE_OBJC_ARC = YES;
				CLANG_ENABLE_OBJC_WEAK = YES;
				CLANG_WARN_BLOCK_CAPTURE_AUTORELEASING = YES;
				CLANG_WARN_BOOL_CONVERSION = YES;
				CLANG_WARN_COMMA = YES;
				CLANG_WARN_CONSTANT_CONVERSION = YES;
				CLANG_WARN_DEPRECATED_OBJC_IMPLEMENTATIONS = YES;
				CLANG_WARN_DIRECT_OBJC_ISA_USAGE = YES_ERROR;
				CLANG_WARN_DOCUMENTATION_COMMENTS = YES;
				CLANG_WARN_EMPTY_BODY = YES;
				CLANG_WARN_ENUM_CONVERSION = YES;
				CLANG_WARN_INFINITE_RECURSION = YES;
				CLANG_WARN_INT_CONVERSION = YES;
				CLANG_WARN_NON_LITERAL_NULL_CONVERSION = YES;
				CLANG_WARN_OBJC_IMPLICIT_RETAIN_SELF = YES;
				CLANG_WARN_OBJC_LITERAL_CONVERSION = YES;
				CLANG_WARN_OBJC_ROOT_CLASS = YES_ERROR;
				CLANG_WARN_QUOTED_INCLUDE_IN_FRAMEWORK_HEADER = YES;
				CLANG_WARN_RANGE_LOOP_ANALYSIS = YES;
				CLANG_WARN_STRICT_PROTOTYPES = YES;
				CLANG_WARN_SUSPICIOUS_MOVE = YES;
				CLANG_WARN_UNGUARDED_AVAILABILITY = YES_AGGRESSIVE;
				CLANG_WARN_UNREACHABLE_CODE = YES;
				CLANG_WARN__DUPLICATE_METHOD_MATCH = YES;
				COPY_PHASE_STRIP = NO;
				DEBUG_INFORMATION_FORMAT = "dwarf-with-dsym";
				ENABLE_NS_ASSERTIONS = NO;
				ENABLE_STRICT_OBJC_MSGSEND = YES;
				ENABLE_USER_SCRIPT_SANDBOXING = YES;
				GCC_C_LANGUAGE_STANDARD = gnu17;
				GCC_NO_COMMON_BLOCKS = YES;
				GCC_WARN_64_TO_32_BIT_CONVERSION = YES;
				GCC_WARN_ABOUT_RETURN_TYPE = YES_ERROR;
				GCC_WARN_UNDECLARED_SELECTOR = YES;
				GCC_WARN_UNINITIALIZED_AUTOS = YES_AGGRESSIVE;
				GCC_WARN_UNUSED_FUNCTION = YES;
				GCC_WARN_UNUSED_VARIABLE = YES;
				IPHONEOS_DEPLOYMENT_TARGET = 17.0;
				LOCALIZATION_PREFERS_STRING_CATALOGS = YES;
				MTL_ENABLE_DEBUG_INFO = NO;
				MTL_FAST_MATH = YES;
				SDKROOT = iphoneos;
				SWIFT_COMPILATION_MODE = wholemodule;
				VALIDATE_PRODUCT = YES;
			};
			name = Release;
		};
		D79CF59D2ECD39A700AC0A56 /* Debug */ = {
			isa = XCBuildConfiguration;
			buildSettings = {
				ASSETCATALOG_COMPILER_APPICON_NAME = AppIcon;
				ASSETCATALOG_COMPILER_GLOBAL_ACCENT_COLOR_NAME = AccentColor;
				CODE_SIGN_STYLE = Automatic;
				CURRENT_PROJECT_VERSION = 1;
				ENABLE_PREVIEWS = YES;
				GENERATE_INFOPLIST_FILE = YES;
				INFOPLIST_KEY_UIApplicationSceneManifest_Generation = YES;
				INFOPLIST_KEY_UIApplicationSupportsIndirectInputEvents = YES;
				INFOPLIST_KEY_UILaunchScreen_Generation = YES;
				INFOPLIST_KEY_UISupportedInterfaceOrientations_iPad = "UIInterfaceOrientationPortrait UIInterfaceOrientationPortraitUpsideDown UIInterfaceOrientationLandscapeLeft UIInterfaceOrientationLandscapeRight";
				INFOPLIST_KEY_UISupportedInterfaceOrientations_iPhone = "UIInterfaceOrientationPortrait UIInterfaceOrientationLandscapeLeft UIInterfaceOrientationLandscapeRight";
				INFOPLIST_KEY_NSMicrophoneUsageDescription = "Nestling needs microphone access to analyze your baby's cry patterns and provide insights.";
				INFOPLIST_KEY_NSUserNotificationsUsageDescription = "Nestling uses notifications to remind you about feedings, diaper changes, and sleep schedules.";
				INFOPLIST_KEY_NSFaceIDUsageDescription = "Nestling uses Face ID to securely protect your baby's data.";
				LD_RUNPATH_SEARCH_PATHS = (
					"$(inherited)",
					"@executable_path/Frameworks",
				);
				MARKETING_VERSION = 1.0;
				PRODUCT_BUNDLE_IDENTIFIER = com.nestling.Nestling;
				PRODUCT_NAME = "$(TARGET_NAME)";
				STRING_CATALOG_GENERATE_SYMBOLS = YES;
				SWIFT_APPROACHABLE_CONCURRENCY = YES;
				SWIFT_DEFAULT_ACTOR_ISOLATION = MainActor;
				SWIFT_EMIT_LOC_STRINGS = YES;
				SWIFT_UPCOMING_FEATURE_MEMBER_IMPORT_VISIBILITY = YES;
				SWIFT_VERSION = 5.0;
				TARGETED_DEVICE_FAMILY = "1,2";
			};
			name = Debug;
		};
		D79CF59E2ECD39A700AC0A56 /* Release */ = {
			isa = XCBuildConfiguration;
			buildSettings = {
				ASSETCATALOG_COMPILER_APPICON_NAME = AppIcon;
				ASSETCATALOG_COMPILER_GLOBAL_ACCENT_COLOR_NAME = AccentColor;
				CODE_SIGN_STYLE = Automatic;
				CURRENT_PROJECT_VERSION = 1;
				ENABLE_PREVIEWS = YES;
				GENERATE_INFOPLIST_FILE = YES;
				INFOPLIST_KEY_UIApplicationSceneManifest_Generation = YES;
				INFOPLIST_KEY_UIApplicationSupportsIndirectInputEvents = YES;
				INFOPLIST_KEY_UILaunchScreen_Generation = YES;
				INFOPLIST_KEY_UISupportedInterfaceOrientations_iPad = "UIInterfaceOrientationPortrait UIInterfaceOrientationPortraitUpsideDown UIInterfaceOrientationLandscapeLeft UIInterfaceOrientationLandscapeRight";
				INFOPLIST_KEY_UISupportedInterfaceOrientations_iPhone = "UIInterfaceOrientationPortrait UIInterfaceOrientationLandscapeLeft UIInterfaceOrientationLandscapeRight";
				INFOPLIST_KEY_NSMicrophoneUsageDescription = "Nestling needs microphone access to analyze your baby's cry patterns and provide insights.";
				INFOPLIST_KEY_NSUserNotificationsUsageDescription = "Nestling uses notifications to remind you about feedings, diaper changes, and sleep schedules.";
				INFOPLIST_KEY_NSFaceIDUsageDescription = "Nestling uses Face ID to securely protect your baby's data.";
				LD_RUNPATH_SEARCH_PATHS = (
					"$(inherited)",
					"@executable_path/Frameworks",
				);
				MARKETING_VERSION = 1.0;
				PRODUCT_BUNDLE_IDENTIFIER = com.nestling.Nestling;
				PRODUCT_NAME = "$(TARGET_NAME)";
				STRING_CATALOG_GENERATE_SYMBOLS = YES;
				SWIFT_APPROACHABLE_CONCURRENCY = YES;
				SWIFT_DEFAULT_ACTOR_ISOLATION = MainActor;
				SWIFT_EMIT_LOC_STRINGS = YES;
				SWIFT_UPCOMING_FEATURE_MEMBER_IMPORT_VISIBILITY = YES;
				SWIFT_VERSION = 5.0;
				TARGETED_DEVICE_FAMILY = "1,2";
			};
			name = Release;
		};
		D79CF5A02ECD39A700AC0A56 /* Debug */ = {
			isa = XCBuildConfiguration;
			buildSettings = {
				BUNDLE_LOADER = "$(TEST_HOST)";
				CODE_SIGN_STYLE = Automatic;
				CURRENT_PROJECT_VERSION = 1;
				GENERATE_INFOPLIST_FILE = YES;
				IPHONEOS_DEPLOYMENT_TARGET = 17.0;
				MARKETING_VERSION = 1.0;
				PRODUCT_BUNDLE_IDENTIFIER = com.nestling.NestlingTests;
				PRODUCT_NAME = "$(TARGET_NAME)";
				STRING_CATALOG_GENERATE_SYMBOLS = NO;
				SWIFT_APPROACHABLE_CONCURRENCY = YES;
				SWIFT_EMIT_LOC_STRINGS = NO;
				SWIFT_UPCOMING_FEATURE_MEMBER_IMPORT_VISIBILITY = YES;
				SWIFT_VERSION = 5.0;
				TARGETED_DEVICE_FAMILY = "1,2";
				TEST_HOST = "$(BUILT_PRODUCTS_DIR)/Nestling.app/$(BUNDLE_EXECUTABLE_FOLDER_PATH)/Nestling";
			};
			name = Debug;
		};
		D79CF5A12ECD39A700AC0A56 /* Release */ = {
			isa = XCBuildConfiguration;
			buildSettings = {
				BUNDLE_LOADER = "$(TEST_HOST)";
				CODE_SIGN_STYLE = Automatic;
				CURRENT_PROJECT_VERSION = 1;
				GENERATE_INFOPLIST_FILE = YES;
				IPHONEOS_DEPLOYMENT_TARGET = 17.0;
				MARKETING_VERSION = 1.0;
				PRODUCT_BUNDLE_IDENTIFIER = com.nestling.NestlingTests;
				PRODUCT_NAME = "$(TARGET_NAME)";
				STRING_CATALOG_GENERATE_SYMBOLS = NO;
				SWIFT_APPROACHABLE_CONCURRENCY = YES;
				SWIFT_EMIT_LOC_STRINGS = NO;
				SWIFT_UPCOMING_FEATURE_MEMBER_IMPORT_VISIBILITY = YES;
				SWIFT_VERSION = 5.0;
				TARGETED_DEVICE_FAMILY = "1,2";
				TEST_HOST = "$(BUILT_PRODUCTS_DIR)/Nestling.app/$(BUNDLE_EXECUTABLE_FOLDER_PATH)/Nestling";
			};
			name = Release;
		};
		D79CF5A32ECD39A700AC0A56 /* Debug */ = {
			isa = XCBuildConfiguration;
			buildSettings = {
				CODE_SIGN_STYLE = Automatic;
				CURRENT_PROJECT_VERSION = 1;
				GENERATE_INFOPLIST_FILE = YES;
				MARKETING_VERSION = 1.0;
				PRODUCT_BUNDLE_IDENTIFIER = com.nestling.NestlingUITests;
				PRODUCT_NAME = "$(TARGET_NAME)";
				STRING_CATALOG_GENERATE_SYMBOLS = NO;
				SWIFT_APPROACHABLE_CONCURRENCY = YES;
				SWIFT_EMIT_LOC_STRINGS = NO;
				SWIFT_UPCOMING_FEATURE_MEMBER_IMPORT_VISIBILITY = YES;
				SWIFT_VERSION = 5.0;
				TARGETED_DEVICE_FAMILY = "1,2";
				TEST_TARGET_NAME = Nestling;
			};
			name = Debug;
		};
		D79CF5A42ECD39A700AC0A56 /* Release */ = {
			isa = XCBuildConfiguration;
			buildSettings = {
				CODE_SIGN_STYLE = Automatic;
				CURRENT_PROJECT_VERSION = 1;
				GENERATE_INFOPLIST_FILE = YES;
				MARKETING_VERSION = 1.0;
				PRODUCT_BUNDLE_IDENTIFIER = com.nestling.NestlingUITests;
				PRODUCT_NAME = "$(TARGET_NAME)";
				STRING_CATALOG_GENERATE_SYMBOLS = NO;
				SWIFT_APPROACHABLE_CONCURRENCY = YES;
				SWIFT_EMIT_LOC_STRINGS = NO;
				SWIFT_UPCOMING_FEATURE_MEMBER_IMPORT_VISIBILITY = YES;
				SWIFT_VERSION = 5.0;
				TARGETED_DEVICE_FAMILY = "1,2";
				TEST_TARGET_NAME = Nestling;
			};
			name = Release;
		};
/* End XCBuildConfiguration section */

/* Begin XCConfigurationList section */
		D79CF5762ECD39A500AC0A56 /* Build configuration list for PBXProject "Nestling" */ = {
			isa = XCConfigurationList;
			buildConfigurations = (
				D79CF59A2ECD39A700AC0A56 /* Debug */,
				D79CF59B2ECD39A700AC0A56 /* Release */,
			);
			defaultConfigurationIsVisible = 0;
			defaultConfigurationName = Release;
		};
		D79CF59C2ECD39A700AC0A56 /* Build configuration list for PBXNativeTarget "Nestling" */ = {
			isa = XCConfigurationList;
			buildConfigurations = (
				D79CF59D2ECD39A700AC0A56 /* Debug */,
				D79CF59E2ECD39A700AC0A56 /* Release */,
			);
			defaultConfigurationIsVisible = 0;
			defaultConfigurationName = Release;
		};
		D79CF59F2ECD39A700AC0A56 /* Build configuration list for PBXNativeTarget "NestlingTests" */ = {
			isa = XCConfigurationList;
			buildConfigurations = (
				D79CF5A02ECD39A700AC0A56 /* Debug */,
				D79CF5A12ECD39A700AC0A56 /* Release */,
			);
			defaultConfigurationIsVisible = 0;
			defaultConfigurationName = Release;
		};
		D79CF5A22ECD39A700AC0A56 /* Build configuration list for PBXNativeTarget "NestlingUITests" */ = {
			isa = XCConfigurationList;
			buildConfigurations = (
				D79CF5A32ECD39A700AC0A56 /* Debug */,
				D79CF5A42ECD39A700AC0A56 /* Release */,
			);
			defaultConfigurationIsVisible = 0;
			defaultConfigurationName = Release;
		};
/* End XCConfigurationList section */
	};
	rootObject = D79CF5732ECD39A500AC0A56 /* Project object */;
}
